
Microsoft Visual Studio Solution File, Format Version 12.00
# Visual Studio Version 17
VisualStudioVersion = 17.12.35527.113
MinimumVisualStudioVersion = 10.0.40219.1
Project("{FAE04EC0-301F-11D3-BF4B-00C04F79EFBC}") = "01a", "01a\01a.csproj", "{C5E55B74-AF74-4561-846A-187E8F474BC6}"
EndProject
Project("{FAE04EC0-301F-11D3-BF4B-00C04F79EFBC}") = "01b", "01b\01b.csproj", "{FD74858A-B620-4D87-BDEF-30A638304923}"
EndProject
Project("{FAE04EC0-301F-11D3-BF4B-00C04F79EFBC}") = "02a", "02a\02a.csproj", "{60CD3E66-BA93-46EA-BFAD-F5755B6203F0}"
EndProject
Project("{FAE04EC0-301F-11D3-BF4B-00C04F79EFBC}") = "02b", "02b\02b.csproj", "{A281BCF8-545B-4875-9912-93429B68F711}"
EndProject
Project("{FAE04EC0-301F-11D3-BF4B-00C04F79EFBC}") = "03a", "03a\03a.csproj", "{54BE5402-8170-4C91-8D1B-35777AB51465}"
EndProject
Project("{FAE04EC0-301F-11D3-BF4B-00C04F79EFBC}") = "03b", "03b\03b.csproj", "{5AC904E5-B9CD-46D1-A7ED-E7ED58DE8B9A}"
EndProject
Project("{FAE04EC0-301F-11D3-BF4B-00C04F79EFBC}") = "04a", "04a\04a.csproj", "{1B104D5A-EA65-44BD-89DE-6E45C88BFA21}"
EndProject
Project("{FAE04EC0-301F-11D3-BF4B-00C04F79EFBC}") = "04b", "04b\04b.csproj", "{174484D8-BE60-4027-905D-14340F708C3F}"
EndProject
Project("{FAE04EC0-301F-11D3-BF4B-00C04F79EFBC}") = "05a", "05a\05a.csproj", "{B4D047D5-E66E-438F-94C8-047450AA290A}"
EndProject
Global
	GlobalSection(SolutionConfigurationPlatforms) = preSolution
		Debug|Any CPU = Debug|Any CPU
		Release|Any CPU = Release|Any CPU
	EndGlobalSection
	GlobalSection(ProjectConfigurationPlatforms) = postSolution
		{C5E55B74-AF74-4561-846A-187E8F474BC6}.Debug|Any CPU.ActiveCfg = Debug|Any CPU
		{C5E55B74-AF74-4561-846A-187E8F474BC6}.Debug|Any CPU.Build.0 = Debug|Any CPU
		{C5E55B74-AF74-4561-846A-187E8F474BC6}.Release|Any CPU.ActiveCfg = Release|Any CPU
		{C5E55B74-AF74-4561-846A-187E8F474BC6}.Release|Any CPU.Build.0 = Release|Any CPU
		{FD74858A-B620-4D87-BDEF-30A638304923}.Debug|Any CPU.ActiveCfg = Debug|Any CPU
		{FD74858A-B620-4D87-BDEF-30A638304923}.Debug|Any CPU.Build.0 = Debug|Any CPU
		{FD74858A-B620-4D87-BDEF-30A638304923}.Release|Any CPU.ActiveCfg = Release|Any CPU
		{FD74858A-B620-4D87-BDEF-30A638304923}.Release|Any CPU.Build.0 = Release|Any CPU
		{60CD3E66-BA93-46EA-BFAD-F5755B6203F0}.Debug|Any CPU.ActiveCfg = Debug|Any CPU
		{60CD3E66-BA93-46EA-BFAD-F5755B6203F0}.Debug|Any CPU.Build.0 = Debug|Any CPU
		{60CD3E66-BA93-46EA-BFAD-F5755B6203F0}.Release|Any CPU.ActiveCfg = Release|Any CPU
		{60CD3E66-BA93-46EA-BFAD-F5755B6203F0}.Release|Any CPU.Build.0 = Release|Any CPU
		{A281BCF8-545B-4875-9912-93429B68F711}.Debug|Any CPU.ActiveCfg = Debug|Any CPU
		{A281BCF8-545B-4875-9912-93429B68F711}.Debug|Any CPU.Build.0 = Debug|Any CPU
		{A281BCF8-545B-4875-9912-93429B68F711}.Release|Any CPU.ActiveCfg = Release|Any CPU
		{A281BCF8-545B-4875-9912-93429B68F711}.Release|Any CPU.Build.0 = Release|Any CPU
		{54BE5402-8170-4C91-8D1B-35777AB51465}.Debug|Any CPU.ActiveCfg = Debug|Any CPU
		{54BE5402-8170-4C91-8D1B-35777AB51465}.Debug|Any CPU.Build.0 = Debug|Any CPU
		{54BE5402-8170-4C91-8D1B-35777AB51465}.Release|Any CPU.ActiveCfg = Release|Any CPU
		{54BE5402-8170-4C91-8D1B-35777AB51465}.Release|Any CPU.Build.0 = Release|Any CPU
		{5AC904E5-B9CD-46D1-A7ED-E7ED58DE8B9A}.Debug|Any CPU.ActiveCfg = Debug|Any CPU
		{5AC904E5-B9CD-46D1-A7ED-E7ED58DE8B9A}.Debug|Any CPU.Build.0 = Debug|Any CPU
		{5AC904E5-B9CD-46D1-A7ED-E7ED58DE8B9A}.Release|Any CPU.ActiveCfg = Release|Any CPU
		{5AC904E5-B9CD-46D1-A7ED-E7ED58DE8B9A}.Release|Any CPU.Build.0 = Release|Any CPU
		{1B104D5A-EA65-44BD-89DE-6E45C88BFA21}.Debug|Any CPU.ActiveCfg = Debug|Any CPU
		{1B104D5A-EA65-44BD-89DE-6E45C88BFA21}.Debug|Any CPU.Build.0 = Debug|Any CPU
		{1B104D5A-EA65-44BD-89DE-6E45C88BFA21}.Release|Any CPU.ActiveCfg = Release|Any CPU
		{1B104D5A-EA65-44BD-89DE-6E45C88BFA21}.Release|Any CPU.Build.0 = Release|Any CPU
		{174484D8-BE60-4027-905D-14340F708C3F}.Debug|Any CPU.ActiveCfg = Debug|Any CPU
		{174484D8-BE60-4027-905D-14340F708C3F}.Debug|Any CPU.Build.0 = Debug|Any CPU
		{174484D8-BE60-4027-905D-14340F708C3F}.Release|Any CPU.ActiveCfg = Release|Any CPU
		{174484D8-BE60-4027-905D-14340F708C3F}.Release|Any CPU.Build.0 = Release|Any CPU
		{B4D047D5-E66E-438F-94C8-047450AA290A}.Debug|Any CPU.ActiveCfg = Debug|Any CPU
		{B4D047D5-E66E-438F-94C8-047450AA290A}.Debug|Any CPU.Build.0 = Debug|Any CPU
		{B4D047D5-E66E-438F-94C8-047450AA290A}.Release|Any CPU.ActiveCfg = Release|Any CPU
		{B4D047D5-E66E-438F-94C8-047450AA290A}.Release|Any CPU.Build.0 = Release|Any CPU
	EndGlobalSection
	GlobalSection(SolutionProperties) = preSolution
		HideSolutionNode = FALSE
	EndGlobalSection
	GlobalSection(ExtensibilityGlobals) = postSolution
		SolutionGuid = {425700F1-DED4-46A6-9BD0-65B4174C201D}
	EndGlobalSection
EndGlobal
